
Microsoft Visual Studio Solution File, Format Version 12.00
# Visual Studio Version 17
VisualStudioVersion = 17.8.34525.116
MinimumVisualStudioVersion = 10.0.40219.1
Project("{2150E333-8FDC-42A3-9474-1A3956D46DE8}") = "Src", "Src", "{751EF073-2663-4343-8FEF-796CF05DE8AE}"
EndProject
Project("{9A19103F-16F7-4668-BE54-9A1E7A4F7556}") = "com.alirezab.url_shortener.api", "Src\com.alirezab.url_shortener.api\com.alirezab.url_shortener.api.csproj", "{3F9BB527-46B4-4CFD-A154-1B5FD6755713}"
EndProject
Project("{2150E333-8FDC-42A3-9474-1A3956D46DE8}") = "Solution Items", "Solution Items", "{37F95DA5-1292-4B6D-8F5B-07C8D0DB571B}"
	ProjectSection(SolutionItems) = preProject
		.dockerignore = .dockerignore
		.gitignore = .gitignore
		Api.http = Api.http
		Dockerfile = Dockerfile
		README.md = README.md
	EndProjectSection
EndProject
Project("{9A19103F-16F7-4668-BE54-9A1E7A4F7556}") = "com.alirezab.url_shortener.api.tests", "Test\com.alirezab.url_shortener.api.tests\com.alirezab.url_shortener.api.tests.csproj", "{22E830FA-7559-4B52-9226-D632D2C98DFC}"
EndProject
Project("{2150E333-8FDC-42A3-9474-1A3956D46DE8}") = "Test", "Test", "{9106D077-6315-401E-A539-FB96220EBB28}"
EndProject
Global
	GlobalSection(SolutionConfigurationPlatforms) = preSolution
		Debug|Any CPU = Debug|Any CPU
		Release|Any CPU = Release|Any CPU
	EndGlobalSection
	GlobalSection(ProjectConfigurationPlatforms) = postSolution
		{3F9BB527-46B4-4CFD-A154-1B5FD6755713}.Debug|Any CPU.ActiveCfg = Debug|Any CPU
		{3F9BB527-46B4-4CFD-A154-1B5FD6755713}.Debug|Any CPU.Build.0 = Debug|Any CPU
		{3F9BB527-46B4-4CFD-A154-1B5FD6755713}.Release|Any CPU.ActiveCfg = Release|Any CPU
		{3F9BB527-46B4-4CFD-A154-1B5FD6755713}.Release|Any CPU.Build.0 = Release|Any CPU
		{22E830FA-7559-4B52-9226-D632D2C98DFC}.Debug|Any CPU.ActiveCfg = Debug|Any CPU
		{22E830FA-7559-4B52-9226-D632D2C98DFC}.Debug|Any CPU.Build.0 = Debug|Any CPU
		{22E830FA-7559-4B52-9226-D632D2C98DFC}.Release|Any CPU.ActiveCfg = Release|Any CPU
		{22E830FA-7559-4B52-9226-D632D2C98DFC}.Release|Any CPU.Build.0 = Release|Any CPU
	EndGlobalSection
	GlobalSection(SolutionProperties) = preSolution
		HideSolutionNode = FALSE
	EndGlobalSection
	GlobalSection(NestedProjects) = preSolution
		{3F9BB527-46B4-4CFD-A154-1B5FD6755713} = {751EF073-2663-4343-8FEF-796CF05DE8AE}
		{22E830FA-7559-4B52-9226-D632D2C98DFC} = {9106D077-6315-401E-A539-FB96220EBB28}
	EndGlobalSection
	GlobalSection(ExtensibilityGlobals) = postSolution
		SolutionGuid = {9989BF89-B598-4460-B81D-03BCDD4CC077}
	EndGlobalSection
EndGlobal
